{
  "requires": true,
  "lockfileVersion": 1,
  "dependencies": {
    "primeicons": {
      "version": "4.0.0-rc.2",
      "resolved": "https://registry.npmjs.org/primeicons/-/primeicons-4.0.0-rc.2.tgz",
      "integrity": "sha512-0D7HTNuFC1gp14NRl/CEolerIPWHqiT5P/m5BiUqyPVralIhXRuuAWaw5aahvSQxEiR+y7YJextvT3S6f/hxkw=="
    }
  }
}
